// !$*UTF8*$!
{
	archiveVersion = 1;
	classes = {
	};
	objectVersion = 48;
	objects = {

/* Begin PBXBuildFile section */
		BFBB301B20127FFE00A3F617 /* AppDelegate.swift in Sources */ = {isa = PBXBuildFile; fileRef = BFBB301A20127FFE00A3F617 /* AppDelegate.swift */; };
		BFBB301D20127FFE00A3F617 /* ViewController.swift in Sources */ = {isa = PBXBuildFile; fileRef = BFBB301C20127FFE00A3F617 /* ViewController.swift */; };
		BFBB302020127FFE00A3F617 /* Main.storyboard in Resources */ = {isa = PBXBuildFile; fileRef = BFBB301E20127FFE00A3F617 /* Main.storyboard */; };
		BFBB302220127FFE00A3F617 /* Assets.xcassets in Resources */ = {isa = PBXBuildFile; fileRef = BFBB302120127FFE00A3F617 /* Assets.xcassets */; };
		BFBB302520127FFE00A3F617 /* LaunchScreen.storyboard in Resources */ = {isa = PBXBuildFile; fileRef = BFBB302320127FFE00A3F617 /* LaunchScreen.storyboard */; };
		BFBB302F201280A600A3F617 /* collection-resource.json in Resources */ = {isa = PBXBuildFile; fileRef = BFBB302E201280A600A3F617 /* collection-resource.json */; };
		BFBB30312012810700A3F617 /* collections.swift in Sources */ = {isa = PBXBuildFile; fileRef = BFBB30302012810700A3F617 /* collections.swift */; };
		BFBB30342013F02200A3F617 /* Zip.framework in Frameworks */ = {isa = PBXBuildFile; fileRef = BFBB30332013F02200A3F617 /* Zip.framework */; };
		BFBB30372014268300A3F617 /* Download.swift in Sources */ = {isa = PBXBuildFile; fileRef = BFBB30362014268300A3F617 /* Download.swift */; };
		BFBB303A20143A6800A3F617 /* CollectionsCell.swift in Sources */ = {isa = PBXBuildFile; fileRef = BFBB303820143A6800A3F617 /* CollectionsCell.swift */; };
		BFBB303B20143A6800A3F617 /* CollectionsCell.xib in Resources */ = {isa = PBXBuildFile; fileRef = BFBB303920143A6800A3F617 /* CollectionsCell.xib */; };
		BFBB303F20152D3400A3F617 /* ImageCollectionViewController.swift in Sources */ = {isa = PBXBuildFile; fileRef = BFBB303E20152D3400A3F617 /* ImageCollectionViewController.swift */; };
		BFBB304220152FFF00A3F617 /* ImageCell.swift in Sources */ = {isa = PBXBuildFile; fileRef = BFBB304020152FFF00A3F617 /* ImageCell.swift */; };
		BFBB304320152FFF00A3F617 /* ImageCell.xib in Resources */ = {isa = PBXBuildFile; fileRef = BFBB304120152FFF00A3F617 /* ImageCell.xib */; };
		BFDF22BA2016AB4100AE7471 /* Networking.swift in Sources */ = {isa = PBXBuildFile; fileRef = BFDF22B92016AB4100AE7471 /* Networking.swift */; };
		BFDF22BC201941CD00AE7471 /* ShowImageViewController.swift in Sources */ = {isa = PBXBuildFile; fileRef = BFDF22BB201941CD00AE7471 /* ShowImageViewController.swift */; };
/* End PBXBuildFile section */

/* Begin PBXFileReference section */
		BFBB301720127FFE00A3F617 /* Document-Management.app */ = {isa = PBXFileReference; explicitFileType = wrapper.application; includeInIndex = 0; path = "Document-Management.app"; sourceTree = BUILT_PRODUCTS_DIR; };
		BFBB301A20127FFE00A3F617 /* AppDelegate.swift */ = {isa = PBXFileReference; lastKnownFileType = sourcecode.swift; path = AppDelegate.swift; sourceTree = "<group>"; };
		BFBB301C20127FFE00A3F617 /* ViewController.swift */ = {isa = PBXFileReference; lastKnownFileType = sourcecode.swift; path = ViewController.swift; sourceTree = "<group>"; };
		BFBB301F20127FFE00A3F617 /* Base */ = {isa = PBXFileReference; lastKnownFileType = file.storyboard; name = Base; path = Base.lproj/Main.storyboard; sourceTree = "<group>"; };
		BFBB302120127FFE00A3F617 /* Assets.xcassets */ = {isa = PBXFileReference; lastKnownFileType = folder.assetcatalog; path = Assets.xcassets; sourceTree = "<group>"; };
		BFBB302420127FFE00A3F617 /* Base */ = {isa = PBXFileReference; lastKnownFileType = file.storyboard; name = Base; path = Base.lproj/LaunchScreen.storyboard; sourceTree = "<group>"; };
		BFBB302620127FFE00A3F617 /* Info.plist */ = {isa = PBXFileReference; lastKnownFileType = text.plist.xml; path = Info.plist; sourceTree = "<group>"; };
		BFBB302E201280A600A3F617 /* collection-resource.json */ = {isa = PBXFileReference; lastKnownFileType = text.json; path = "collection-resource.json"; sourceTree = "<group>"; };
		BFBB30302012810700A3F617 /* collections.swift */ = {isa = PBXFileReference; lastKnownFileType = sourcecode.swift; path = collections.swift; sourceTree = "<group>"; };
		BFBB30332013F02200A3F617 /* Zip.framework */ = {isa = PBXFileReference; lastKnownFileType = wrapper.framework; name = Zip.framework; path = Carthage/Build/iOS/Zip.framework; sourceTree = "<group>"; };
		BFBB30362014268300A3F617 /* Download.swift */ = {isa = PBXFileReference; lastKnownFileType = sourcecode.swift; path = Download.swift; sourceTree = "<group>"; };
		BFBB303820143A6800A3F617 /* CollectionsCell.swift */ = {isa = PBXFileReference; lastKnownFileType = sourcecode.swift; path = CollectionsCell.swift; sourceTree = "<group>"; };
		BFBB303920143A6800A3F617 /* CollectionsCell.xib */ = {isa = PBXFileReference; lastKnownFileType = file.xib; path = CollectionsCell.xib; sourceTree = "<group>"; };
		BFBB303E20152D3400A3F617 /* ImageCollectionViewController.swift */ = {isa = PBXFileReference; lastKnownFileType = sourcecode.swift; path = ImageCollectionViewController.swift; sourceTree = "<group>"; };
		BFBB304020152FFF00A3F617 /* ImageCell.swift */ = {isa = PBXFileReference; lastKnownFileType = sourcecode.swift; path = ImageCell.swift; sourceTree = "<group>"; };
		BFBB304120152FFF00A3F617 /* ImageCell.xib */ = {isa = PBXFileReference; lastKnownFileType = file.xib; path = ImageCell.xib; sourceTree = "<group>"; };
		BFDF22B92016AB4100AE7471 /* Networking.swift */ = {isa = PBXFileReference; lastKnownFileType = sourcecode.swift; path = Networking.swift; sourceTree = "<group>"; };
		BFDF22BB201941CD00AE7471 /* ShowImageViewController.swift */ = {isa = PBXFileReference; lastKnownFileType = sourcecode.swift; path = ShowImageViewController.swift; sourceTree = "<group>"; };
/* End PBXFileReference section */

/* Begin PBXFrameworksBuildPhase section */
		BFBB301420127FFE00A3F617 /* Frameworks */ = {
			isa = PBXFrameworksBuildPhase;
			buildActionMask = 2147483647;
			files = (
				BFBB30342013F02200A3F617 /* Zip.framework in Frameworks */,
			);
			runOnlyForDeploymentPostprocessing = 0;
		};
/* End PBXFrameworksBuildPhase section */

/* Begin PBXGroup section */
		BFBB300E20127FFE00A3F617 = {
			isa = PBXGroup;
			children = (
				BFBB301920127FFE00A3F617 /* Document-Management */,
				BFBB301820127FFE00A3F617 /* Products */,
				BFBB30322013F02200A3F617 /* Frameworks */,
			);
			sourceTree = "<group>";
		};
		BFBB301820127FFE00A3F617 /* Products */ = {
			isa = PBXGroup;
			children = (
				BFBB301720127FFE00A3F617 /* Document-Management.app */,
			);
			name = Products;
			sourceTree = "<group>";
		};
		BFBB301920127FFE00A3F617 /* Document-Management */ = {
			isa = PBXGroup;
			children = (
				BFBB302E201280A600A3F617 /* collection-resource.json */,
				BFBB30302012810700A3F617 /* collections.swift */,
				BFBB301A20127FFE00A3F617 /* AppDelegate.swift */,
				BFBB30362014268300A3F617 /* Download.swift */,
				BFDF22B92016AB4100AE7471 /* Networking.swift */,
				BFBB301C20127FFE00A3F617 /* ViewController.swift */,
				BFBB303820143A6800A3F617 /* CollectionsCell.swift */,
				BFBB303E20152D3400A3F617 /* ImageCollectionViewController.swift */,
				BFBB304020152FFF00A3F617 /* ImageCell.swift */,
				BFDF22BB201941CD00AE7471 /* ShowImageViewController.swift */,
				BFBB304120152FFF00A3F617 /* ImageCell.xib */,
				BFBB303920143A6800A3F617 /* CollectionsCell.xib */,
				BFBB301E20127FFE00A3F617 /* Main.storyboard */,
				BFBB302120127FFE00A3F617 /* Assets.xcassets */,
				BFBB302320127FFE00A3F617 /* LaunchScreen.storyboard */,
				BFBB302620127FFE00A3F617 /* Info.plist */,
			);
			path = "Document-Management";
			sourceTree = "<group>";
		};
		BFBB30322013F02200A3F617 /* Frameworks */ = {
			isa = PBXGroup;
			children = (
				BFBB30332013F02200A3F617 /* Zip.framework */,
			);
			name = Frameworks;
			sourceTree = "<group>";
		};
/* End PBXGroup section */

/* Begin PBXNativeTarget section */
		BFBB301620127FFE00A3F617 /* Document-Management */ = {
			isa = PBXNativeTarget;
			buildConfigurationList = BFBB302920127FFE00A3F617 /* Build configuration list for PBXNativeTarget "Document-Management" */;
			buildPhases = (
				BFBB301320127FFE00A3F617 /* Sources */,
				BFBB301420127FFE00A3F617 /* Frameworks */,
				BFBB301520127FFE00A3F617 /* Resources */,
				BFBB30352013F03400A3F617 /* ShellScript */,
			);
			buildRules = (
			);
			dependencies = (
			);
			name = "Document-Management";
			productName = "Document-Management";
			productReference = BFBB301720127FFE00A3F617 /* Document-Management.app */;
			productType = "com.apple.product-type.application";
		};
/* End PBXNativeTarget section */

/* Begin PBXProject section */
		BFBB300F20127FFE00A3F617 /* Project object */ = {
			isa = PBXProject;
			attributes = {
				LastSwiftUpdateCheck = 0920;
				LastUpgradeCheck = 0920;
				ORGANIZATIONNAME = "Kaichi Momose";
				TargetAttributes = {
					BFBB301620127FFE00A3F617 = {
						CreatedOnToolsVersion = 9.2;
						ProvisioningStyle = Automatic;
					};
				};
			};
			buildConfigurationList = BFBB301220127FFE00A3F617 /* Build configuration list for PBXProject "Document-Management" */;
			compatibilityVersion = "Xcode 8.0";
			developmentRegion = en;
			hasScannedForEncodings = 0;
			knownRegions = (
				en,
				Base,
			);
			mainGroup = BFBB300E20127FFE00A3F617;
			productRefGroup = BFBB301820127FFE00A3F617 /* Products */;
			projectDirPath = "";
			projectRoot = "";
			targets = (
				BFBB301620127FFE00A3F617 /* Document-Management */,
			);
		};
/* End PBXProject section */

/* Begin PBXResourcesBuildPhase section */
		BFBB301520127FFE00A3F617 /* Resources */ = {
			isa = PBXResourcesBuildPhase;
			buildActionMask = 2147483647;
			files = (
				BFBB303B20143A6800A3F617 /* CollectionsCell.xib in Resources */,
				BFBB302520127FFE00A3F617 /* LaunchScreen.storyboard in Resources */,
				BFBB302F201280A600A3F617 /* collection-resource.json in Resources */,
				BFBB304320152FFF00A3F617 /* ImageCell.xib in Resources */,
				BFBB302220127FFE00A3F617 /* Assets.xcassets in Resources */,
				BFBB302020127FFE00A3F617 /* Main.storyboard in Resources */,
			);
			runOnlyForDeploymentPostprocessing = 0;
		};
/* End PBXResourcesBuildPhase section */

/* Begin PBXShellScriptBuildPhase section */
		BFBB30352013F03400A3F617 /* ShellScript */ = {
			isa = PBXShellScriptBuildPhase;
			buildActionMask = 2147483647;
			files = (
			);
			inputPaths = (
				"$(SRCROOT)/Carthage/Build/iOS/Zip.framework",
			);
			outputPaths = (
				"$(BUILT_PRODUCTS_DIR)/$(FRAMEWORKS_FOLDER_PATH)/Zip.framework",
			);
			runOnlyForDeploymentPostprocessing = 0;
			shellPath = /bin/sh;
			shellScript = "/usr/local/bin/carthage copy-frameworks";
		};
/* End PBXShellScriptBuildPhase section */

/* Begin PBXSourcesBuildPhase section */
		BFBB301320127FFE00A3F617 /* Sources */ = {
			isa = PBXSourcesBuildPhase;
			buildActionMask = 2147483647;
			files = (
				BFBB303F20152D3400A3F617 /* ImageCollectionViewController.swift in Sources */,
				BFBB301D20127FFE00A3F617 /* ViewController.swift in Sources */,
				BFBB30372014268300A3F617 /* Download.swift in Sources */,
				BFDF22BA2016AB4100AE7471 /* Networking.swift in Sources */,
				BFDF22BC201941CD00AE7471 /* ShowImageViewController.swift in Sources */,
				BFBB30312012810700A3F617 /* collections.swift in Sources */,
				BFBB303A20143A6800A3F617 /* CollectionsCell.swift in Sources */,
				BFBB304220152FFF00A3F617 /* ImageCell.swift in Sources */,
				BFBB301B20127FFE00A3F617 /* AppDelegate.swift in Sources */,
			);
			runOnlyForDeploymentPostprocessing = 0;
		};
/* End PBXSourcesBuildPhase section */

/* Begin PBXVariantGroup section */
		BFBB301E20127FFE00A3F617 /* Main.storyboard */ = {
			isa = PBXVariantGroup;
			children = (
				BFBB301F20127FFE00A3F617 /* Base */,
			);
			name = Main.storyboard;
			sourceTree = "<group>";
		};
		BFBB302320127FFE00A3F617 /* LaunchScreen.storyboard */ = {
			isa = PBXVariantGroup;
			children = (
				BFBB302420127FFE00A3F617 /* Base */,
			);
			name = LaunchScreen.storyboard;
			sourceTree = "<group>";
		};
/* End PBXVariantGroup section */

/* Begin XCBuildConfiguration section */
		BFBB302720127FFE00A3F617 /* Debug */ = {
			isa = XCBuildConfiguration;
			buildSettings = {
				ALWAYS_SEARCH_USER_PATHS = NO;
				CLANG_ANALYZER_NONNULL = YES;
				CLANG_ANALYZER_NUMBER_OBJECT_CONVERSION = YES_AGGRESSIVE;
				CLANG_CXX_LANGUAGE_STANDARD = "gnu++14";
				CLANG_CXX_LIBRARY = "libc++";
				CLANG_ENABLE_MODULES = YES;
				CLANG_ENABLE_OBJC_ARC = YES;
				CLANG_WARN_BLOCK_CAPTURE_AUTORELEASING = YES;
				CLANG_WARN_BOOL_CONVERSION = YES;
				CLANG_WARN_COMMA = YES;
				CLANG_WARN_CONSTANT_CONVERSION = YES;
				CLANG_WARN_DIRECT_OBJC_ISA_USAGE = YES_ERROR;
				CLANG_WARN_DOCUMENTATION_COMMENTS = YES;
				CLANG_WARN_EMPTY_BODY = YES;
				CLANG_WARN_ENUM_CONVERSION = YES;
				CLANG_WARN_INFINITE_RECURSION = YES;
				CLANG_WARN_INT_CONVERSION = YES;
				CLANG_WARN_NON_LITERAL_NULL_CONVERSION = YES;
				CLANG_WARN_OBJC_LITERAL_CONVERSION = YES;
				CLANG_WARN_OBJC_ROOT_CLASS = YES_ERROR;
				CLANG_WARN_RANGE_LOOP_ANALYSIS = YES;
				CLANG_WARN_STRICT_PROTOTYPES = YES;
				CLANG_WARN_SUSPICIOUS_MOVE = YES;
				CLANG_WARN_UNGUARDED_AVAILABILITY = YES_AGGRESSIVE;
				CLANG_WARN_UNREACHABLE_CODE = YES;
				CLANG_WARN__DUPLICATE_METHOD_MATCH = YES;
				CODE_SIGN_IDENTITY = "iPhone Developer";
				COPY_PHASE_STRIP = NO;
				DEBUG_INFORMATION_FORMAT = dwarf;
				ENABLE_STRICT_OBJC_MSGSEND = YES;
				ENABLE_TESTABILITY = YES;
				GCC_C_LANGUAGE_STANDARD = gnu11;
				GCC_DYNAMIC_NO_PIC = NO;
				GCC_NO_COMMON_BLOCKS = YES;
				GCC_OPTIMIZATION_LEVEL = 0;
				GCC_PREPROCESSOR_DEFINITIONS = (
					"DEBUG=1",
					"$(inherited)",
				);
				GCC_WARN_64_TO_32_BIT_CONVERSION = YES;
				GCC_WARN_ABOUT_RETURN_TYPE = YES_ERROR;
				GCC_WARN_UNDECLARED_SELECTOR = YES;
				GCC_WARN_UNINITIALIZED_AUTOS = YES_AGGRESSIVE;
				GCC_WARN_UNUSED_FUNCTION = YES;
				GCC_WARN_UNUSED_VARIABLE = YES;
				IPHONEOS_DEPLOYMENT_TARGET = 11.2;
				MTL_ENABLE_DEBUG_INFO = YES;
				ONLY_ACTIVE_ARCH = YES;
				SDKROOT = iphoneos;
				SWIFT_ACTIVE_COMPILATION_CONDITIONS = DEBUG;
				SWIFT_OPTIMIZATION_LEVEL = "-Onone";
			};
			name = Debug;
		};
		BFBB302820127FFE00A3F617 /* Release */ = {
			isa = XCBuildConfiguration;
			buildSettings = {
				ALWAYS_SEARCH_USER_PATHS = NO;
				CLANG_ANALYZER_NONNULL = YES;
				CLANG_ANALYZER_NUMBER_OBJECT_CONVERSION = YES_AGGRESSIVE;
				CLANG_CXX_LANGUAGE_STANDARD = "gnu++14";
				CLANG_CXX_LIBRARY = "libc++";
				CLANG_ENABLE_MODULES = YES;
				CLANG_ENABLE_OBJC_ARC = YES;
				CLANG_WARN_BLOCK_CAPTURE_AUTORELEASING = YES;
				CLANG_WARN_BOOL_CONVERSION = YES;
				CLANG_WARN_COMMA = YES;
				CLANG_WARN_CONSTANT_CONVERSION = YES;
				CLANG_WARN_DIRECT_OBJC_ISA_USAGE = YES_ERROR;
				CLANG_WARN_DOCUMENTATION_COMMENTS = YES;
				CLANG_WARN_EMPTY_BODY = YES;
				CLANG_WARN_ENUM_CONVERSION = YES;
				CLANG_WARN_INFINITE_RECURSION = YES;
				CLANG_WARN_INT_CONVERSION = YES;
				CLANG_WARN_NON_LITERAL_NULL_CONVERSION = YES;
				CLANG_WARN_OBJC_LITERAL_CONVERSION = YES;
				CLANG_WARN_OBJC_ROOT_CLASS = YES_ERROR;
				CLANG_WARN_RANGE_LOOP_ANALYSIS = YES;
				CLANG_WARN_STRICT_PROTOTYPES = YES;
				CLANG_WARN_SUSPICIOUS_MOVE = YES;
				CLANG_WARN_UNGUARDED_AVAILABILITY = YES_AGGRESSIVE;
				CLANG_WARN_UNREACHABLE_CODE = YES;
				CLANG_WARN__DUPLICATE_METHOD_MATCH = YES;
				CODE_SIGN_IDENTITY = "iPhone Developer";
				COPY_PHASE_STRIP = NO;
				DEBUG_INFORMATION_FORMAT = "dwarf-with-dsym";
				ENABLE_NS_ASSERTIONS = NO;
				ENABLE_STRICT_OBJC_MSGSEND = YES;
				GCC_C_LANGUAGE_STANDARD = gnu11;
				GCC_NO_COMMON_BLOCKS = YES;
				GCC_WARN_64_TO_32_BIT_CONVERSION = YES;
				GCC_WARN_ABOUT_RETURN_TYPE = YES_ERROR;
				GCC_WARN_UNDECLARED_SELECTOR = YES;
				GCC_WARN_UNINITIALIZED_AUTOS = YES_AGGRESSIVE;
				GCC_WARN_UNUSED_FUNCTION = YES;
				GCC_WARN_UNUSED_VARIABLE = YES;
				IPHONEOS_DEPLOYMENT_TARGET = 11.2;
				MTL_ENABLE_DEBUG_INFO = NO;
				SDKROOT = iphoneos;
				SWIFT_OPTIMIZATION_LEVEL = "-Owholemodule";
				VALIDATE_PRODUCT = YES;
			};
			name = Release;
		};
		BFBB302A20127FFE00A3F617 /* Debug */ = {
			isa = XCBuildConfiguration;
			buildSettings = {
				ASSETCATALOG_COMPILER_APPICON_NAME = AppIcon;
				CODE_SIGN_STYLE = Automatic;
				DEVELOPMENT_TEAM = CGUE68EN3T;
				FRAMEWORK_SEARCH_PATHS = (
					"$(inherited)",
					"$(PROJECT_DIR)/Carthage/Build/iOS",
				);
				INFOPLIST_FILE = "Document-Management/Info.plist";
				LD_RUNPATH_SEARCH_PATHS = "$(inherited) @executable_path/Frameworks";
				PRODUCT_BUNDLE_IDENTIFIER = "com.momose-kaichi.Document-Management";
				PRODUCT_NAME = "$(TARGET_NAME)";
				SWIFT_VERSION = 4.0;
				TARGETED_DEVICE_FAMILY = "1,2";
			};
			name = Debug;
		};
		BFBB302B20127FFE00A3F617 /* Release */ = {
			isa = XCBuildConfiguration;
			buildSettings = {
				ASSETCATALOG_COMPILER_APPICON_NAME = AppIcon;
				CODE_SIGN_STYLE = Automatic;
				DEVELOPMENT_TEAM = CGUE68EN3T;
				FRAMEWORK_SEARCH_PATHS = (
					"$(inherited)",
					"$(PROJECT_DIR)/Carthage/Build/iOS",
				);
				INFOPLIST_FILE = "Document-Management/Info.plist";
				LD_RUNPATH_SEARCH_PATHS = "$(inherited) @executable_path/Frameworks";
				PRODUCT_BUNDLE_IDENTIFIER = "com.momose-kaichi.Document-Management";
				PRODUCT_NAME = "$(TARGET_NAME)";
				SWIFT_VERSION = 4.0;
				TARGETED_DEVICE_FAMILY = "1,2";
			};
			name = Release;
		};
/* End XCBuildConfiguration section */

/* Begin XCConfigurationList section */
		BFBB301220127FFE00A3F617 /* Build configuration list for PBXProject "Document-Management" */ = {
			isa = XCConfigurationList;
			buildConfigurations = (
				BFBB302720127FFE00A3F617 /* Debug */,
				BFBB302820127FFE00A3F617 /* Release */,
			);
			defaultConfigurationIsVisible = 0;
			defaultConfigurationName = Release;
		};
		BFBB302920127FFE00A3F617 /* Build configuration list for PBXNativeTarget "Document-Management" */ = {
			isa = XCConfigurationList;
			buildConfigurations = (
				BFBB302A20127FFE00A3F617 /* Debug */,
				BFBB302B20127FFE00A3F617 /* Release */,
			);
			defaultConfigurationIsVisible = 0;
			defaultConfigurationName = Release;
		};
/* End XCConfigurationList section */
	};
	rootObject = BFBB300F20127FFE00A3F617 /* Project object */;
}
